{
    "_readme": [
        "This file locks the dependencies of your project to a known state",
        "Read more about it at https://getcomposer.org/doc/01-basic-usage.md#installing-dependencies",
        "This file is @generated automatically"
    ],
    "content-hash": "0bf82e6e2a05c49f8a6c7e89da62a373",
    "packages": [
        {
            "name": "yggverse/net",
            "version": "1.0.0",
            "source": {
                "type": "git",
                "url": "https://github.com/YGGverse/net-php.git",
                "reference": "3a89da61d56fba97e5f48c2d840dd9f70b4fd295"
            },
            "dist": {
                "type": "zip",
                "url": "https://api.github.com/repos/YGGverse/net-php/zipball/3a89da61d56fba97e5f48c2d840dd9f70b4fd295",
                "reference": "3a89da61d56fba97e5f48c2d840dd9f70b4fd295",
                "shasum": ""
            },
            "type": "library",
            "autoload": {
                "psr-4": {
                    "Yggverse\\Net\\": "src/"
                }
            },
            "notification-url": "https://packagist.org/downloads/",
            "license": [
                "MIT"
            ],
            "support": {
                "issues": "https://github.com/YGGverse/net-php/issues",
                "source": "https://github.com/YGGverse/net-php/tree/1.0.0"
            },
            "time": "2023-12-16T10:55:48+00:00"
        }
    ],
    "packages-dev": [],
    "aliases": [],
    "minimum-stability": "stable",
    "stability-flags": [],
    "prefer-stable": false,
    "prefer-lowest": false,
    "platform": [],
    "platform-dev": [],
    "plugin-api-version": "2.3.0"
}
