{
    "_readme": [
        "This file locks the dependencies of your project to a known state",
        "Read more about it at https://getcomposer.org/doc/01-basic-usage.md#installing-dependencies",
        "This file is @generated automatically"
    ],
    "content-hash": "c062f15666280a924bcafbc19443d914",
    "packages": [
        {
            "name": "yggverse/net",
            "version": "1.2.0",
            "source": {
                "type": "git",
                "url": "https://github.com/YGGverse/net-php.git",
                "reference": "60114e9d1e19731b79b7a0de7824164d7a288d7e"
            },
            "dist": {
                "type": "zip",
                "url": "https://api.github.com/repos/YGGverse/net-php/zipball/60114e9d1e19731b79b7a0de7824164d7a288d7e",
                "reference": "60114e9d1e19731b79b7a0de7824164d7a288d7e",
                "shasum": ""
            },
            "type": "library",
            "autoload": {
                "psr-4": {
                    "Yggverse\\Net\\": "src/"
                }
            },
            "notification-url": "https://packagist.org/downloads/",
            "license": [
                "MIT"
            ],
            "support": {
                "issues": "https://github.com/YGGverse/net-php/issues",
                "source": "https://github.com/YGGverse/net-php/tree/1.2.0"
            },
            "time": "2023-12-17T05:59:26+00:00"
        }
    ],
    "packages-dev": [],
    "aliases": [],
    "minimum-stability": "stable",
    "stability-flags": [],
    "prefer-stable": false,
    "prefer-lowest": false,
    "platform": [],
    "platform-dev": [],
    "plugin-api-version": "2.3.0"
}
